
Microsoft Visual Studio Solution File, Format Version 12.00
# Visual Studio Version 17
VisualStudioVersion = 17.14.36429.23
MinimumVisualStudioVersion = 10.0.40219.1
Project("{2150E333-8FDC-42A3-9474-1A3956D46DE8}") = "Task0", "Task0", "{02EA681E-C7D8-13C7-8484-4AC65E1B71E8}"
EndProject
Project("{FAE04EC0-301F-11D3-BF4B-00C04F79EFBC}") = "Tyuiu.PetrovDR.Sprint2.Task0.V7", "Tyuiu.PetrovDR.Sprint2.Task0.V7\Tyuiu.PetrovDR.Sprint2.Task0.V7.csproj", "{D437D99F-B054-4176-B8F3-2112D152FAD4}"
EndProject
Project("{FAE04EC0-301F-11D3-BF4B-00C04F79EFBC}") = "Tyuiu.PetrovDR.Sprint2.Task0.V7.Lib", "Tyuiu.PetrovDR.Sprint2.Task0.V7.Lib\Tyuiu.PetrovDR.Sprint2.Task0.V7.Lib.csproj", "{33FA34EA-3FAC-417E-B84C-C3F4F8BCB332}"
EndProject
Project("{FAE04EC0-301F-11D3-BF4B-00C04F79EFBC}") = "Tyuiu.PetrovDR.Sprint2.Task0.V7.Test", "Tyuiu.PetrovDR.Sprint2.Task0.V7.Test\Tyuiu.PetrovDR.Sprint2.Task0.V7.Test.csproj", "{660E4251-1DF7-4698-8E5D-F05BDD607224}"
EndProject
Project("{2150E333-8FDC-42A3-9474-1A3956D46DE8}") = "Task1", "Task1", "{A043EFCC-AEAE-4D3D-BBE3-DB7631E30DFC}"
EndProject
Project("{FAE04EC0-301F-11D3-BF4B-00C04F79EFBC}") = "Tyuiu.PetrovDR.Sprint2.Task1.V27", "Tyuiu.PetrovDR.Sprint2.Task1.V27\Tyuiu.PetrovDR.Sprint2.Task1.V27.csproj", "{2A51C2E1-EA49-471D-A176-B3292E8E4525}"
EndProject
Project("{FAE04EC0-301F-11D3-BF4B-00C04F79EFBC}") = "Tyuiu.PetrovDR.Sprint2.Task1.V27.Lib", "Tyuiu.PetrovDR.Sprint2.Task1.V27.Lib\Tyuiu.PetrovDR.Sprint2.Task1.V27.Lib.csproj", "{7E28AE47-17EA-4FE4-90C7-580AD37056DB}"
EndProject
Project("{FAE04EC0-301F-11D3-BF4B-00C04F79EFBC}") = "Tyuiu.PetrovDR.Sprint2.Task1.V27.Test", "Tyuiu.PetrovDR.Sprint2.Task1.V27.Test\Tyuiu.PetrovDR.Sprint2.Task1.V27.Test.csproj", "{B598614F-7EF5-4629-BD20-6E83C8A2E1FF}"
EndProject
Project("{2150E333-8FDC-42A3-9474-1A3956D46DE8}") = "Task2", "Task2", "{E4E4026F-3D05-43B6-AD1E-33FC547ECC2F}"
EndProject
Project("{FAE04EC0-301F-11D3-BF4B-00C04F79EFBC}") = "Tyuiu.PetrovDR.Sprint2.Task2.V21", "Tyuiu.PetrovDR.Sprint2.Task2.V21\Tyuiu.PetrovDR.Sprint2.Task2.V21.csproj", "{E4BEA6A5-D76B-4131-9389-42C46B146B97}"
EndProject
Project("{FAE04EC0-301F-11D3-BF4B-00C04F79EFBC}") = "Tyuiu.PetrovDR.Sprint2.Task2.V21.Lib", "Tyuiu.PetrovDR.Sprint2.Task2.V21.Lib\Tyuiu.PetrovDR.Sprint2.Task2.V21.Lib.csproj", "{3AAD986B-DB85-4F1D-BAFC-7ED47BB2C0F5}"
EndProject
Project("{FAE04EC0-301F-11D3-BF4B-00C04F79EFBC}") = "Tyuiu.PetrovDR.Sprint2.Task2.V21.Test", "Tyuiu.PetrovDR.Sprint2.Task2.V21.Test\Tyuiu.PetrovDR.Sprint2.Task2.V21.Test.csproj", "{16813A79-46C0-4987-AD87-E8067E5E51B1}"
EndProject
Project("{2150E333-8FDC-42A3-9474-1A3956D46DE8}") = "Task3", "Task3", "{73D664BE-1B81-4FE3-B47F-0F6B8F3E3A4F}"
EndProject
Project("{FAE04EC0-301F-11D3-BF4B-00C04F79EFBC}") = "Tyuiu.PetrovDR.Sprint2.Task3.V8", "Tyuiu.PetrovDR.Sprint2.Task3.V8\Tyuiu.PetrovDR.Sprint2.Task3.V8.csproj", "{3070EF34-28A0-44F8-81F0-FC4A1CF01DAB}"
EndProject
Project("{FAE04EC0-301F-11D3-BF4B-00C04F79EFBC}") = "Tyuiu.PetrovDR.Sprint2.Task3.V8.Lib", "Tyuiu.PetrovDR.Sprint2.Task3.V8.Lib\Tyuiu.PetrovDR.Sprint2.Task3.V8.Lib.csproj", "{4EA7AA23-4A18-4F78-901B-9A93AAD5518B}"
EndProject
Project("{FAE04EC0-301F-11D3-BF4B-00C04F79EFBC}") = "Tyuiu.PetrovDR.Sprint2.Task3.V8.Test", "Tyuiu.PetrovDR.Sprint2.Task3.V8.Test\Tyuiu.PetrovDR.Sprint2.Task3.V8.Test.csproj", "{45F3A198-7362-4F55-9C1E-0AF359028128}"
EndProject
Project("{2150E333-8FDC-42A3-9474-1A3956D46DE8}") = "Task4", "Task4", "{61475B12-9928-4055-8ECA-FE69AE902057}"
EndProject
Project("{FAE04EC0-301F-11D3-BF4B-00C04F79EFBC}") = "Tyuiu.PetrovDR.Sprint2.Task4.V1", "Tyuiu.PetrovDR.Sprint2.Task4.V1\Tyuiu.PetrovDR.Sprint2.Task4.V1.csproj", "{B461CDF1-52EB-449B-A935-A60C09413BA0}"
EndProject
Project("{FAE04EC0-301F-11D3-BF4B-00C04F79EFBC}") = "Tyuiu.PetrovDR.Sprint2.Task4.V1.Lib", "Tyuiu.PetrovDR.Sprint2.Task4.V1.Lib\Tyuiu.PetrovDR.Sprint2.Task4.V1.Lib.csproj", "{30E6C2F5-2277-4A63-A78B-67F3A5493D56}"
EndProject
Project("{FAE04EC0-301F-11D3-BF4B-00C04F79EFBC}") = "Tyuiu.PetrovDR.Sprint2.Task4.V1.Test", "Tyuiu.PetrovDR.Sprint2.Task4.V1.Test\Tyuiu.PetrovDR.Sprint2.Task4.V1.Test.csproj", "{7E1605DC-494D-470A-BAD7-A78735F6927B}"
EndProject
Project("{2150E333-8FDC-42A3-9474-1A3956D46DE8}") = "Task5", "Task5", "{9BA7AC9B-1C8E-4CFA-BF0E-C90377370E2A}"
EndProject
Project("{FAE04EC0-301F-11D3-BF4B-00C04F79EFBC}") = "Tyuiu.PetrovDR.Sprint2.Task5.V8", "Tyuiu.PetrovDR.Sprint2.Task5.V8\Tyuiu.PetrovDR.Sprint2.Task5.V8.csproj", "{28F90CC0-3491-4660-B6A3-3D65C65D90C0}"
EndProject
Project("{FAE04EC0-301F-11D3-BF4B-00C04F79EFBC}") = "Tyuiu.PetrovDR.Sprint2.Task5.V8.Lib", "Tyuiu.PetrovDR.Sprint2.Task5.V8.Lib\Tyuiu.PetrovDR.Sprint2.Task5.V8.Lib.csproj", "{8E3C9213-E63D-4DD5-9A05-8A60EF1FB5C6}"
EndProject
Project("{FAE04EC0-301F-11D3-BF4B-00C04F79EFBC}") = "Tyuiu.PetrovDR.Sprint2.Task5.V8.Test", "Tyuiu.PetrovDR.Sprint2.Task5.V8.Test\Tyuiu.PetrovDR.Sprint2.Task5.V8.Test.csproj", "{1BCFB220-A30F-432F-9C57-5F2856F4C415}"
EndProject
Project("{2150E333-8FDC-42A3-9474-1A3956D46DE8}") = "Task6", "Task6", "{024B8BAF-E91A-4A74-A591-2C61488742B8}"
EndProject
Project("{FAE04EC0-301F-11D3-BF4B-00C04F79EFBC}") = "Tyuiu.PetrovDR.Sprint2.Task6.V12", "Tyuiu.PetrovDR.Sprint2.Task6.V12\Tyuiu.PetrovDR.Sprint2.Task6.V12.csproj", "{88203093-98C9-479A-842C-4190F2663ACD}"
EndProject
Project("{FAE04EC0-301F-11D3-BF4B-00C04F79EFBC}") = "Tyuiu.PetrovDR.Sprint2.Task6.V12.Lib", "Tyuiu.PetrovDR.Sprint2.Task6.V12.Lib\Tyuiu.PetrovDR.Sprint2.Task6.V12.Lib.csproj", "{66371ED9-1126-475E-834C-7DDE69FFF7C8}"
EndProject
Project("{FAE04EC0-301F-11D3-BF4B-00C04F79EFBC}") = "Tyuiu.PetrovDR.Sprint2.Task6.V12.Test", "Tyuiu.PetrovDR.Sprint2.Task6.V12.Test\Tyuiu.PetrovDR.Sprint2.Task6.V12.Test.csproj", "{2979EAE4-064C-4B94-8136-CD9D3B3B21CC}"
EndProject
Project("{2150E333-8FDC-42A3-9474-1A3956D46DE8}") = "Task7", "Task7", "{6D8BB602-2B4A-43F1-BACA-636D99D89C15}"
EndProject
Project("{FAE04EC0-301F-11D3-BF4B-00C04F79EFBC}") = "Tyuiu.PetrovDR.Sprint2.Task7.V4", "Tyuiu.PetrovDR.Sprint2.Task7.V4\Tyuiu.PetrovDR.Sprint2.Task7.V4.csproj", "{A1A22E47-E1E6-4FFD-AADB-2D84DF3E9186}"
EndProject
Project("{FAE04EC0-301F-11D3-BF4B-00C04F79EFBC}") = "Tyuiu.PetrovDR.Sprint2.Task7.V4.Lib", "Tyuiu.PetrovDR.Sprint2.Task7.V4.Lib\Tyuiu.PetrovDR.Sprint2.Task7.V4.Lib.csproj", "{96F54F36-80F7-4C7C-8707-2122CA7D1F57}"
EndProject
Project("{FAE04EC0-301F-11D3-BF4B-00C04F79EFBC}") = "Tyuiu.PetrovDR.Sprint2.Task7.V4.Test", "Tyuiu.PetrovDR.Sprint2.Task7.V4.Test\Tyuiu.PetrovDR.Sprint2.Task7.V4.Test.csproj", "{76AE27E5-1E71-4944-B742-6868D74E65F1}"
EndProject
Global
	GlobalSection(SolutionConfigurationPlatforms) = preSolution
		Debug|Any CPU = Debug|Any CPU
		Release|Any CPU = Release|Any CPU
	EndGlobalSection
	GlobalSection(ProjectConfigurationPlatforms) = postSolution
		{D437D99F-B054-4176-B8F3-2112D152FAD4}.Debug|Any CPU.ActiveCfg = Debug|Any CPU
		{D437D99F-B054-4176-B8F3-2112D152FAD4}.Debug|Any CPU.Build.0 = Debug|Any CPU
		{D437D99F-B054-4176-B8F3-2112D152FAD4}.Release|Any CPU.ActiveCfg = Release|Any CPU
		{D437D99F-B054-4176-B8F3-2112D152FAD4}.Release|Any CPU.Build.0 = Release|Any CPU
		{33FA34EA-3FAC-417E-B84C-C3F4F8BCB332}.Debug|Any CPU.ActiveCfg = Debug|Any CPU
		{33FA34EA-3FAC-417E-B84C-C3F4F8BCB332}.Debug|Any CPU.Build.0 = Debug|Any CPU
		{33FA34EA-3FAC-417E-B84C-C3F4F8BCB332}.Release|Any CPU.ActiveCfg = Release|Any CPU
		{33FA34EA-3FAC-417E-B84C-C3F4F8BCB332}.Release|Any CPU.Build.0 = Release|Any CPU
		{660E4251-1DF7-4698-8E5D-F05BDD607224}.Debug|Any CPU.ActiveCfg = Debug|Any CPU
		{660E4251-1DF7-4698-8E5D-F05BDD607224}.Debug|Any CPU.Build.0 = Debug|Any CPU
		{660E4251-1DF7-4698-8E5D-F05BDD607224}.Release|Any CPU.ActiveCfg = Release|Any CPU
		{660E4251-1DF7-4698-8E5D-F05BDD607224}.Release|Any CPU.Build.0 = Release|Any CPU
		{2A51C2E1-EA49-471D-A176-B3292E8E4525}.Debug|Any CPU.ActiveCfg = Debug|Any CPU
		{2A51C2E1-EA49-471D-A176-B3292E8E4525}.Debug|Any CPU.Build.0 = Debug|Any CPU
		{2A51C2E1-EA49-471D-A176-B3292E8E4525}.Release|Any CPU.ActiveCfg = Release|Any CPU
		{2A51C2E1-EA49-471D-A176-B3292E8E4525}.Release|Any CPU.Build.0 = Release|Any CPU
		{7E28AE47-17EA-4FE4-90C7-580AD37056DB}.Debug|Any CPU.ActiveCfg = Debug|Any CPU
		{7E28AE47-17EA-4FE4-90C7-580AD37056DB}.Debug|Any CPU.Build.0 = Debug|Any CPU
		{7E28AE47-17EA-4FE4-90C7-580AD37056DB}.Release|Any CPU.ActiveCfg = Release|Any CPU
		{7E28AE47-17EA-4FE4-90C7-580AD37056DB}.Release|Any CPU.Build.0 = Release|Any CPU
		{B598614F-7EF5-4629-BD20-6E83C8A2E1FF}.Debug|Any CPU.ActiveCfg = Debug|Any CPU
		{B598614F-7EF5-4629-BD20-6E83C8A2E1FF}.Debug|Any CPU.Build.0 = Debug|Any CPU
		{B598614F-7EF5-4629-BD20-6E83C8A2E1FF}.Release|Any CPU.ActiveCfg = Release|Any CPU
		{B598614F-7EF5-4629-BD20-6E83C8A2E1FF}.Release|Any CPU.Build.0 = Release|Any CPU
		{E4BEA6A5-D76B-4131-9389-42C46B146B97}.Debug|Any CPU.ActiveCfg = Debug|Any CPU
		{E4BEA6A5-D76B-4131-9389-42C46B146B97}.Debug|Any CPU.Build.0 = Debug|Any CPU
		{E4BEA6A5-D76B-4131-9389-42C46B146B97}.Release|Any CPU.ActiveCfg = Release|Any CPU
		{E4BEA6A5-D76B-4131-9389-42C46B146B97}.Release|Any CPU.Build.0 = Release|Any CPU
		{3AAD986B-DB85-4F1D-BAFC-7ED47BB2C0F5}.Debug|Any CPU.ActiveCfg = Debug|Any CPU
		{3AAD986B-DB85-4F1D-BAFC-7ED47BB2C0F5}.Debug|Any CPU.Build.0 = Debug|Any CPU
		{3AAD986B-DB85-4F1D-BAFC-7ED47BB2C0F5}.Release|Any CPU.ActiveCfg = Release|Any CPU
		{3AAD986B-DB85-4F1D-BAFC-7ED47BB2C0F5}.Release|Any CPU.Build.0 = Release|Any CPU
		{16813A79-46C0-4987-AD87-E8067E5E51B1}.Debug|Any CPU.ActiveCfg = Debug|Any CPU
		{16813A79-46C0-4987-AD87-E8067E5E51B1}.Debug|Any CPU.Build.0 = Debug|Any CPU
		{16813A79-46C0-4987-AD87-E8067E5E51B1}.Release|Any CPU.ActiveCfg = Release|Any CPU
		{16813A79-46C0-4987-AD87-E8067E5E51B1}.Release|Any CPU.Build.0 = Release|Any CPU
		{3070EF34-28A0-44F8-81F0-FC4A1CF01DAB}.Debug|Any CPU.ActiveCfg = Debug|Any CPU
		{3070EF34-28A0-44F8-81F0-FC4A1CF01DAB}.Debug|Any CPU.Build.0 = Debug|Any CPU
		{3070EF34-28A0-44F8-81F0-FC4A1CF01DAB}.Release|Any CPU.ActiveCfg = Release|Any CPU
		{3070EF34-28A0-44F8-81F0-FC4A1CF01DAB}.Release|Any CPU.Build.0 = Release|Any CPU
		{4EA7AA23-4A18-4F78-901B-9A93AAD5518B}.Debug|Any CPU.ActiveCfg = Debug|Any CPU
		{4EA7AA23-4A18-4F78-901B-9A93AAD5518B}.Debug|Any CPU.Build.0 = Debug|Any CPU
		{4EA7AA23-4A18-4F78-901B-9A93AAD5518B}.Release|Any CPU.ActiveCfg = Release|Any CPU
		{4EA7AA23-4A18-4F78-901B-9A93AAD5518B}.Release|Any CPU.Build.0 = Release|Any CPU
		{45F3A198-7362-4F55-9C1E-0AF359028128}.Debug|Any CPU.ActiveCfg = Debug|Any CPU
		{45F3A198-7362-4F55-9C1E-0AF359028128}.Debug|Any CPU.Build.0 = Debug|Any CPU
		{45F3A198-7362-4F55-9C1E-0AF359028128}.Release|Any CPU.ActiveCfg = Release|Any CPU
		{45F3A198-7362-4F55-9C1E-0AF359028128}.Release|Any CPU.Build.0 = Release|Any CPU
		{B461CDF1-52EB-449B-A935-A60C09413BA0}.Debug|Any CPU.ActiveCfg = Debug|Any CPU
		{B461CDF1-52EB-449B-A935-A60C09413BA0}.Debug|Any CPU.Build.0 = Debug|Any CPU
		{B461CDF1-52EB-449B-A935-A60C09413BA0}.Release|Any CPU.ActiveCfg = Release|Any CPU
		{B461CDF1-52EB-449B-A935-A60C09413BA0}.Release|Any CPU.Build.0 = Release|Any CPU
		{30E6C2F5-2277-4A63-A78B-67F3A5493D56}.Debug|Any CPU.ActiveCfg = Debug|Any CPU
		{30E6C2F5-2277-4A63-A78B-67F3A5493D56}.Debug|Any CPU.Build.0 = Debug|Any CPU
		{30E6C2F5-2277-4A63-A78B-67F3A5493D56}.Release|Any CPU.ActiveCfg = Release|Any CPU
		{30E6C2F5-2277-4A63-A78B-67F3A5493D56}.Release|Any CPU.Build.0 = Release|Any CPU
		{7E1605DC-494D-470A-BAD7-A78735F6927B}.Debug|Any CPU.ActiveCfg = Debug|Any CPU
		{7E1605DC-494D-470A-BAD7-A78735F6927B}.Debug|Any CPU.Build.0 = Debug|Any CPU
		{7E1605DC-494D-470A-BAD7-A78735F6927B}.Release|Any CPU.ActiveCfg = Release|Any CPU
		{7E1605DC-494D-470A-BAD7-A78735F6927B}.Release|Any CPU.Build.0 = Release|Any CPU
		{28F90CC0-3491-4660-B6A3-3D65C65D90C0}.Debug|Any CPU.ActiveCfg = Debug|Any CPU
		{28F90CC0-3491-4660-B6A3-3D65C65D90C0}.Debug|Any CPU.Build.0 = Debug|Any CPU
		{28F90CC0-3491-4660-B6A3-3D65C65D90C0}.Release|Any CPU.ActiveCfg = Release|Any CPU
		{28F90CC0-3491-4660-B6A3-3D65C65D90C0}.Release|Any CPU.Build.0 = Release|Any CPU
		{8E3C9213-E63D-4DD5-9A05-8A60EF1FB5C6}.Debug|Any CPU.ActiveCfg = Debug|Any CPU
		{8E3C9213-E63D-4DD5-9A05-8A60EF1FB5C6}.Debug|Any CPU.Build.0 = Debug|Any CPU
		{8E3C9213-E63D-4DD5-9A05-8A60EF1FB5C6}.Release|Any CPU.ActiveCfg = Release|Any CPU
		{8E3C9213-E63D-4DD5-9A05-8A60EF1FB5C6}.Release|Any CPU.Build.0 = Release|Any CPU
		{1BCFB220-A30F-432F-9C57-5F2856F4C415}.Debug|Any CPU.ActiveCfg = Debug|Any CPU
		{1BCFB220-A30F-432F-9C57-5F2856F4C415}.Debug|Any CPU.Build.0 = Debug|Any CPU
		{1BCFB220-A30F-432F-9C57-5F2856F4C415}.Release|Any CPU.ActiveCfg = Release|Any CPU
		{1BCFB220-A30F-432F-9C57-5F2856F4C415}.Release|Any CPU.Build.0 = Release|Any CPU
		{88203093-98C9-479A-842C-4190F2663ACD}.Debug|Any CPU.ActiveCfg = Debug|Any CPU
		{88203093-98C9-479A-842C-4190F2663ACD}.Debug|Any CPU.Build.0 = Debug|Any CPU
		{88203093-98C9-479A-842C-4190F2663ACD}.Release|Any CPU.ActiveCfg = Release|Any CPU
		{88203093-98C9-479A-842C-4190F2663ACD}.Release|Any CPU.Build.0 = Release|Any CPU
		{66371ED9-1126-475E-834C-7DDE69FFF7C8}.Debug|Any CPU.ActiveCfg = Debug|Any CPU
		{66371ED9-1126-475E-834C-7DDE69FFF7C8}.Debug|Any CPU.Build.0 = Debug|Any CPU
		{66371ED9-1126-475E-834C-7DDE69FFF7C8}.Release|Any CPU.ActiveCfg = Release|Any CPU
		{66371ED9-1126-475E-834C-7DDE69FFF7C8}.Release|Any CPU.Build.0 = Release|Any CPU
		{2979EAE4-064C-4B94-8136-CD9D3B3B21CC}.Debug|Any CPU.ActiveCfg = Debug|Any CPU
		{2979EAE4-064C-4B94-8136-CD9D3B3B21CC}.Debug|Any CPU.Build.0 = Debug|Any CPU
		{2979EAE4-064C-4B94-8136-CD9D3B3B21CC}.Release|Any CPU.ActiveCfg = Release|Any CPU
		{2979EAE4-064C-4B94-8136-CD9D3B3B21CC}.Release|Any CPU.Build.0 = Release|Any CPU
		{A1A22E47-E1E6-4FFD-AADB-2D84DF3E9186}.Debug|Any CPU.ActiveCfg = Debug|Any CPU
		{A1A22E47-E1E6-4FFD-AADB-2D84DF3E9186}.Debug|Any CPU.Build.0 = Debug|Any CPU
		{A1A22E47-E1E6-4FFD-AADB-2D84DF3E9186}.Release|Any CPU.ActiveCfg = Release|Any CPU
		{A1A22E47-E1E6-4FFD-AADB-2D84DF3E9186}.Release|Any CPU.Build.0 = Release|Any CPU
		{96F54F36-80F7-4C7C-8707-2122CA7D1F57}.Debug|Any CPU.ActiveCfg = Debug|Any CPU
		{96F54F36-80F7-4C7C-8707-2122CA7D1F57}.Debug|Any CPU.Build.0 = Debug|Any CPU
		{96F54F36-80F7-4C7C-8707-2122CA7D1F57}.Release|Any CPU.ActiveCfg = Release|Any CPU
		{96F54F36-80F7-4C7C-8707-2122CA7D1F57}.Release|Any CPU.Build.0 = Release|Any CPU
		{76AE27E5-1E71-4944-B742-6868D74E65F1}.Debug|Any CPU.ActiveCfg = Debug|Any CPU
		{76AE27E5-1E71-4944-B742-6868D74E65F1}.Debug|Any CPU.Build.0 = Debug|Any CPU
		{76AE27E5-1E71-4944-B742-6868D74E65F1}.Release|Any CPU.ActiveCfg = Release|Any CPU
		{76AE27E5-1E71-4944-B742-6868D74E65F1}.Release|Any CPU.Build.0 = Release|Any CPU
	EndGlobalSection
	GlobalSection(SolutionProperties) = preSolution
		HideSolutionNode = FALSE
	EndGlobalSection
	GlobalSection(NestedProjects) = preSolution
		{D437D99F-B054-4176-B8F3-2112D152FAD4} = {02EA681E-C7D8-13C7-8484-4AC65E1B71E8}
		{33FA34EA-3FAC-417E-B84C-C3F4F8BCB332} = {02EA681E-C7D8-13C7-8484-4AC65E1B71E8}
		{660E4251-1DF7-4698-8E5D-F05BDD607224} = {02EA681E-C7D8-13C7-8484-4AC65E1B71E8}
		{2A51C2E1-EA49-471D-A176-B3292E8E4525} = {A043EFCC-AEAE-4D3D-BBE3-DB7631E30DFC}
		{7E28AE47-17EA-4FE4-90C7-580AD37056DB} = {A043EFCC-AEAE-4D3D-BBE3-DB7631E30DFC}
		{B598614F-7EF5-4629-BD20-6E83C8A2E1FF} = {A043EFCC-AEAE-4D3D-BBE3-DB7631E30DFC}
		{E4BEA6A5-D76B-4131-9389-42C46B146B97} = {E4E4026F-3D05-43B6-AD1E-33FC547ECC2F}
		{3AAD986B-DB85-4F1D-BAFC-7ED47BB2C0F5} = {E4E4026F-3D05-43B6-AD1E-33FC547ECC2F}
		{16813A79-46C0-4987-AD87-E8067E5E51B1} = {E4E4026F-3D05-43B6-AD1E-33FC547ECC2F}
		{3070EF34-28A0-44F8-81F0-FC4A1CF01DAB} = {73D664BE-1B81-4FE3-B47F-0F6B8F3E3A4F}
		{4EA7AA23-4A18-4F78-901B-9A93AAD5518B} = {73D664BE-1B81-4FE3-B47F-0F6B8F3E3A4F}
		{45F3A198-7362-4F55-9C1E-0AF359028128} = {73D664BE-1B81-4FE3-B47F-0F6B8F3E3A4F}
		{B461CDF1-52EB-449B-A935-A60C09413BA0} = {61475B12-9928-4055-8ECA-FE69AE902057}
		{30E6C2F5-2277-4A63-A78B-67F3A5493D56} = {61475B12-9928-4055-8ECA-FE69AE902057}
		{7E1605DC-494D-470A-BAD7-A78735F6927B} = {61475B12-9928-4055-8ECA-FE69AE902057}
		{28F90CC0-3491-4660-B6A3-3D65C65D90C0} = {9BA7AC9B-1C8E-4CFA-BF0E-C90377370E2A}
		{8E3C9213-E63D-4DD5-9A05-8A60EF1FB5C6} = {9BA7AC9B-1C8E-4CFA-BF0E-C90377370E2A}
		{1BCFB220-A30F-432F-9C57-5F2856F4C415} = {9BA7AC9B-1C8E-4CFA-BF0E-C90377370E2A}
		{88203093-98C9-479A-842C-4190F2663ACD} = {024B8BAF-E91A-4A74-A591-2C61488742B8}
		{66371ED9-1126-475E-834C-7DDE69FFF7C8} = {024B8BAF-E91A-4A74-A591-2C61488742B8}
		{2979EAE4-064C-4B94-8136-CD9D3B3B21CC} = {024B8BAF-E91A-4A74-A591-2C61488742B8}
		{A1A22E47-E1E6-4FFD-AADB-2D84DF3E9186} = {6D8BB602-2B4A-43F1-BACA-636D99D89C15}
		{96F54F36-80F7-4C7C-8707-2122CA7D1F57} = {6D8BB602-2B4A-43F1-BACA-636D99D89C15}
		{76AE27E5-1E71-4944-B742-6868D74E65F1} = {6D8BB602-2B4A-43F1-BACA-636D99D89C15}
	EndGlobalSection
	GlobalSection(ExtensibilityGlobals) = postSolution
		SolutionGuid = {B0D2944D-4451-413C-8C1F-C9A7C09917D2}
	EndGlobalSection
EndGlobal
